// !$*UTF8*$!
{
	archiveVersion = 1;
	classes = {
	};
	objectVersion = 56;
	objects = {

/* Begin PBXBuildFile section */
		11B453C42BDE639E009C4103 /* Messages_d_AmourNEWApp.swift in Sources */ = {isa = PBXBuildFile; fileRef = 11B453C32BDE639E009C4103 /* Messages_d_AmourNEWApp.swift */; };
		11B453C62BDE639E009C4103 /* ContentView.swift in Sources */ = {isa = PBXBuildFile; fileRef = 11B453C52BDE639E009C4103 /* ContentView.swift */; };
		11B453C82BDE639F009C4103 /* Assets.xcassets in Resources */ = {isa = PBXBuildFile; fileRef = 11B453C72BDE639F009C4103 /* Assets.xcassets */; };
		11B453CB2BDE639F009C4103 /* Preview Assets.xcassets in Resources */ = {isa = PBXBuildFile; fileRef = 11B453CA2BDE639F009C4103 /* Preview Assets.xcassets */; };
		11B453D52BDE639F009C4103 /* Messages_d_AmourNEWTests.swift in Sources */ = {isa = PBXBuildFile; fileRef = 11B453D42BDE639F009C4103 /* Messages_d_AmourNEWTests.swift */; };
		11B453DF2BDE639F009C4103 /* Messages_d_AmourNEWUITests.swift in Sources */ = {isa = PBXBuildFile; fileRef = 11B453DE2BDE639F009C4103 /* Messages_d_AmourNEWUITests.swift */; };
		11B453E12BDE639F009C4103 /* Messages_d_AmourNEWUITestsLaunchTests.swift in Sources */ = {isa = PBXBuildFile; fileRef = 11B453E02BDE639F009C4103 /* Messages_d_AmourNEWUITestsLaunchTests.swift */; };
/* End PBXBuildFile section */

/* Begin PBXContainerItemProxy section */
		11B453D12BDE639F009C4103 /* PBXContainerItemProxy */ = {
			isa = PBXContainerItemProxy;
			containerPortal = 11B453B82BDE639E009C4103 /* Project object */;
			proxyType = 1;
			remoteGlobalIDString = 11B453BF2BDE639E009C4103;
			remoteInfo = "Messages d'AmourNEW";
		};
		11B453DB2BDE639F009C4103 /* PBXContainerItemProxy */ = {
			isa = PBXContainerItemProxy;
			containerPortal = 11B453B82BDE639E009C4103 /* Project object */;
			proxyType = 1;
			remoteGlobalIDString = 11B453BF2BDE639E009C4103;
			remoteInfo = "Messages d'AmourNEW";
		};
/* End PBXContainerItemProxy section */

/* Begin PBXFileReference section */
		11B453C02BDE639E009C4103 /* Messages d'AmourNEW.app */ = {isa = PBXFileReference; explicitFileType = wrapper.application; includeInIndex = 0; path = "Messages d'AmourNEW.app"; sourceTree = BUILT_PRODUCTS_DIR; };
		11B453C32BDE639E009C4103 /* Messages_d_AmourNEWApp.swift */ = {isa = PBXFileReference; lastKnownFileType = sourcecode.swift; path = Messages_d_AmourNEWApp.swift; sourceTree = "<group>"; };
		11B453C52BDE639E009C4103 /* ContentView.swift */ = {isa = PBXFileReference; lastKnownFileType = sourcecode.swift; path = ContentView.swift; sourceTree = "<group>"; };
		11B453C72BDE639F009C4103 /* Assets.xcassets */ = {isa = PBXFileReference; lastKnownFileType = folder.assetcatalog; path = Assets.xcassets; sourceTree = "<group>"; };
		11B453CA2BDE639F009C4103 /* Preview Assets.xcassets */ = {isa = PBXFileReference; lastKnownFileType = folder.assetcatalog; path = "Preview Assets.xcassets"; sourceTree = "<group>"; };
		11B453D02BDE639F009C4103 /* Messages d'AmourNEWTests.xctest */ = {isa = PBXFileReference; explicitFileType = wrapper.cfbundle; includeInIndex = 0; path = "Messages d'AmourNEWTests.xctest"; sourceTree = BUILT_PRODUCTS_DIR; };
		11B453D42BDE639F009C4103 /* Messages_d_AmourNEWTests.swift */ = {isa = PBXFileReference; lastKnownFileType = sourcecode.swift; path = Messages_d_AmourNEWTests.swift; sourceTree = "<group>"; };
		11B453DA2BDE639F009C4103 /* Messages d'AmourNEWUITests.xctest */ = {isa = PBXFileReference; explicitFileType = wrapper.cfbundle; includeInIndex = 0; path = "Messages d'AmourNEWUITests.xctest"; sourceTree = BUILT_PRODUCTS_DIR; };
		11B453DE2BDE639F009C4103 /* Messages_d_AmourNEWUITests.swift */ = {isa = PBXFileReference; lastKnownFileType = sourcecode.swift; path = Messages_d_AmourNEWUITests.swift; sourceTree = "<group>"; };
		11B453E02BDE639F009C4103 /* Messages_d_AmourNEWUITestsLaunchTests.swift */ = {isa = PBXFileReference; lastKnownFileType = sourcecode.swift; path = Messages_d_AmourNEWUITestsLaunchTests.swift; sourceTree = "<group>"; };
/* End PBXFileReference section */

/* Begin PBXFrameworksBuildPhase section */
		11B453BD2BDE639E009C4103 /* Frameworks */ = {
			isa = PBXFrameworksBuildPhase;
			buildActionMask = 2147483647;
			files = (
			);
			runOnlyForDeploymentPostprocessing = 0;
		};
		11B453CD2BDE639F009C4103 /* Frameworks */ = {
			isa = PBXFrameworksBuildPhase;
			buildActionMask = 2147483647;
			files = (
			);
			runOnlyForDeploymentPostprocessing = 0;
		};
		11B453D72BDE639F009C4103 /* Frameworks */ = {
			isa = PBXFrameworksBuildPhase;
			buildActionMask = 2147483647;
			files = (
			);
			runOnlyForDeploymentPostprocessing = 0;
		};
/* End PBXFrameworksBuildPhase section */

/* Begin PBXGroup section */
		11B453B72BDE639E009C4103 = {
			isa = PBXGroup;
			children = (
				11B453C22BDE639E009C4103 /* Messages d'AmourNEW */,
				11B453D32BDE639F009C4103 /* Messages d'AmourNEWTests */,
				11B453DD2BDE639F009C4103 /* Messages d'AmourNEWUITests */,
				11B453C12BDE639E009C4103 /* Products */,
			);
			sourceTree = "<group>";
		};
		11B453C12BDE639E009C4103 /* Products */ = {
			isa = PBXGroup;
			children = (
				11B453C02BDE639E009C4103 /* Messages d'AmourNEW.app */,
				11B453D02BDE639F009C4103 /* Messages d'AmourNEWTests.xctest */,
				11B453DA2BDE639F009C4103 /* Messages d'AmourNEWUITests.xctest */,
			);
			name = Products;
			sourceTree = "<group>";
		};
		11B453C22BDE639E009C4103 /* Messages d'AmourNEW */ = {
			isa = PBXGroup;
			children = (
				11B453C32BDE639E009C4103 /* Messages_d_AmourNEWApp.swift */,
				11B453C52BDE639E009C4103 /* ContentView.swift */,
				11B453C72BDE639F009C4103 /* Assets.xcassets */,
				11B453C92BDE639F009C4103 /* Preview Content */,
			);
			path = "Messages d'AmourNEW";
			sourceTree = "<group>";
		};
		11B453C92BDE639F009C4103 /* Preview Content */ = {
			isa = PBXGroup;
			children = (
				11B453CA2BDE639F009C4103 /* Preview Assets.xcassets */,
			);
			path = "Preview Content";
			sourceTree = "<group>";
		};
		11B453D32BDE639F009C4103 /* Messages d'AmourNEWTests */ = {
			isa = PBXGroup;
			children = (
				11B453D42BDE639F009C4103 /* Messages_d_AmourNEWTests.swift */,
			);
			path = "Messages d'AmourNEWTests";
			sourceTree = "<group>";
		};
		11B453DD2BDE639F009C4103 /* Messages d'AmourNEWUITests */ = {
			isa = PBXGroup;
			children = (
				11B453DE2BDE639F009C4103 /* Messages_d_AmourNEWUITests.swift */,
				11B453E02BDE639F009C4103 /* Messages_d_AmourNEWUITestsLaunchTests.swift */,
			);
			path = "Messages d'AmourNEWUITests";
			sourceTree = "<group>";
		};
/* End PBXGroup section */

/* Begin PBXNativeTarget section */
		11B453BF2BDE639E009C4103 /* Messages d'AmourNEW */ = {
			isa = PBXNativeTarget;
			buildConfigurationList = 11B453E42BDE639F009C4103 /* Build configuration list for PBXNativeTarget "Messages d'AmourNEW" */;
			buildPhases = (
				11B453BC2BDE639E009C4103 /* Sources */,
				11B453BD2BDE639E009C4103 /* Frameworks */,
				11B453BE2BDE639E009C4103 /* Resources */,
			);
			buildRules = (
			);
			dependencies = (
			);
			name = "Messages d'AmourNEW";
			productName = "Messages d'AmourNEW";
			productReference = 11B453C02BDE639E009C4103 /* Messages d'AmourNEW.app */;
			productType = "com.apple.product-type.application";
		};
		11B453CF2BDE639F009C4103 /* Messages d'AmourNEWTests */ = {
			isa = PBXNativeTarget;
			buildConfigurationList = 11B453E72BDE639F009C4103 /* Build configuration list for PBXNativeTarget "Messages d'AmourNEWTests" */;
			buildPhases = (
				11B453CC2BDE639F009C4103 /* Sources */,
				11B453CD2BDE639F009C4103 /* Frameworks */,
				11B453CE2BDE639F009C4103 /* Resources */,
			);
			buildRules = (
			);
			dependencies = (
				11B453D22BDE639F009C4103 /* PBXTargetDependency */,
			);
			name = "Messages d'AmourNEWTests";
			productName = "Messages d'AmourNEWTests";
			productReference = 11B453D02BDE639F009C4103 /* Messages d'AmourNEWTests.xctest */;
			productType = "com.apple.product-type.bundle.unit-test";
		};
		11B453D92BDE639F009C4103 /* Messages d'AmourNEWUITests */ = {
			isa = PBXNativeTarget;
			buildConfigurationList = 11B453EA2BDE639F009C4103 /* Build configuration list for PBXNativeTarget "Messages d'AmourNEWUITests" */;
			buildPhases = (
				11B453D62BDE639F009C4103 /* Sources */,
				11B453D72BDE639F009C4103 /* Frameworks */,
				11B453D82BDE639F009C4103 /* Resources */,
			);
			buildRules = (
			);
			dependencies = (
				11B453DC2BDE639F009C4103 /* PBXTargetDependency */,
			);
			name = "Messages d'AmourNEWUITests";
			productName = "Messages d'AmourNEWUITests";
			productReference = 11B453DA2BDE639F009C4103 /* Messages d'AmourNEWUITests.xctest */;
			productType = "com.apple.product-type.bundle.ui-testing";
		};
/* End PBXNativeTarget section */

/* Begin PBXProject section */
		11B453B82BDE639E009C4103 /* Project object */ = {
			isa = PBXProject;
			attributes = {
				BuildIndependentTargetsInParallel = 1;
				LastSwiftUpdateCheck = 1530;
				LastUpgradeCheck = 1530;
				TargetAttributes = {
					11B453BF2BDE639E009C4103 = {
						CreatedOnToolsVersion = 15.3;
					};
					11B453CF2BDE639F009C4103 = {
						CreatedOnToolsVersion = 15.3;
						TestTargetID = 11B453BF2BDE639E009C4103;
					};
					11B453D92BDE639F009C4103 = {
						CreatedOnToolsVersion = 15.3;
						TestTargetID = 11B453BF2BDE639E009C4103;
					};
				};
			};
			buildConfigurationList = 11B453BB2BDE639E009C4103 /* Build configuration list for PBXProject "Messages d'AmourNEW" */;
			compatibilityVersion = "Xcode 14.0";
			developmentRegion = en;
			hasScannedForEncodings = 0;
			knownRegions = (
				en,
				Base,
			);
			mainGroup = 11B453B72BDE639E009C4103;
			productRefGroup = 11B453C12BDE639E009C4103 /* Products */;
			projectDirPath = "";
			projectRoot = "";
			targets = (
				11B453BF2BDE639E009C4103 /* Messages d'AmourNEW */,
				11B453CF2BDE639F009C4103 /* Messages d'AmourNEWTests */,
				11B453D92BDE639F009C4103 /* Messages d'AmourNEWUITests */,
			);
		};
/* End PBXProject section */

/* Begin PBXResourcesBuildPhase section */
		11B453BE2BDE639E009C4103 /* Resources */ = {
			isa = PBXResourcesBuildPhase;
			buildActionMask = 2147483647;
			files = (
				11B453CB2BDE639F009C4103 /* Preview Assets.xcassets in Resources */,
				11B453C82BDE639F009C4103 /* Assets.xcassets in Resources */,
			);
			runOnlyForDeploymentPostprocessing = 0;
		};
		11B453CE2BDE639F009C4103 /* Resources */ = {
			isa = PBXResourcesBuildPhase;
			buildActionMask = 2147483647;
			files = (
			);
			runOnlyForDeploymentPostprocessing = 0;
		};
		11B453D82BDE639F009C4103 /* Resources */ = {
			isa = PBXResourcesBuildPhase;
			buildActionMask = 2147483647;
			files = (
			);
			runOnlyForDeploymentPostprocessing = 0;
		};
/* End PBXResourcesBuildPhase section */

/* Begin PBXSourcesBuildPhase section */
		11B453BC2BDE639E009C4103 /* Sources */ = {
			isa = PBXSourcesBuildPhase;
			buildActionMask = 2147483647;
			files = (
				11B453C62BDE639E009C4103 /* ContentView.swift in Sources */,
				11B453C42BDE639E009C4103 /* Messages_d_AmourNEWApp.swift in Sources */,
			);
			runOnlyForDeploymentPostprocessing = 0;
		};
		11B453CC2BDE639F009C4103 /* Sources */ = {
			isa = PBXSourcesBuildPhase;
			buildActionMask = 2147483647;
			files = (
				11B453D52BDE639F009C4103 /* Messages_d_AmourNEWTests.swift in Sources */,
			);
			runOnlyForDeploymentPostprocessing = 0;
		};
		11B453D62BDE639F009C4103 /* Sources */ = {
			isa = PBXSourcesBuildPhase;
			buildActionMask = 2147483647;
			files = (
				11B453DF2BDE639F009C4103 /* Messages_d_AmourNEWUITests.swift in Sources */,
				11B453E12BDE639F009C4103 /* Messages_d_AmourNEWUITestsLaunchTests.swift in Sources */,
			);
			runOnlyForDeploymentPostprocessing = 0;
		};
/* End PBXSourcesBuildPhase section */

/* Begin PBXTargetDependency section */
		11B453D22BDE639F009C4103 /* PBXTargetDependency */ = {
			isa = PBXTargetDependency;
			target = 11B453BF2BDE639E009C4103 /* Messages d'AmourNEW */;
			targetProxy = 11B453D12BDE639F009C4103 /* PBXContainerItemProxy */;
		};
		11B453DC2BDE639F009C4103 /* PBXTargetDependency */ = {
			isa = PBXTargetDependency;
			target = 11B453BF2BDE639E009C4103 /* Messages d'AmourNEW */;
			targetProxy = 11B453DB2BDE639F009C4103 /* PBXContainerItemProxy */;
		};
/* End PBXTargetDependency section */

/* Begin XCBuildConfiguration section */
		11B453E22BDE639F009C4103 /* Debug */ = {
			isa = XCBuildConfiguration;
			buildSettings = {
				ALWAYS_SEARCH_USER_PATHS = NO;
				ASSETCATALOG_COMPILER_GENERATE_SWIFT_ASSET_SYMBOL_EXTENSIONS = YES;
				CLANG_ANALYZER_NONNULL = YES;
				CLANG_ANALYZER_NUMBER_OBJECT_CONVERSION = YES_AGGRESSIVE;
				CLANG_CXX_LANGUAGE_STANDARD = "gnu++20";
				CLANG_ENABLE_MODULES = YES;
				CLANG_ENABLE_OBJC_ARC = YES;
				CLANG_ENABLE_OBJC_WEAK = YES;
				CLANG_WARN_BLOCK_CAPTURE_AUTORELEASING = YES;
				CLANG_WARN_BOOL_CONVERSION = YES;
				CLANG_WARN_COMMA = YES;
				CLANG_WARN_CONSTANT_CONVERSION = YES;
				CLANG_WARN_DEPRECATED_OBJC_IMPLEMENTATIONS = YES;
				CLANG_WARN_DIRECT_OBJC_ISA_USAGE = YES_ERROR;
				CLANG_WARN_DOCUMENTATION_COMMENTS = YES;
				CLANG_WARN_EMPTY_BODY = YES;
				CLANG_WARN_ENUM_CONVERSION = YES;
				CLANG_WARN_INFINITE_RECURSION = YES;
				CLANG_WARN_INT_CONVERSION = YES;
				CLANG_WARN_NON_LITERAL_NULL_CONVERSION = YES;
				CLANG_WARN_OBJC_IMPLICIT_RETAIN_SELF = YES;
				CLANG_WARN_OBJC_LITERAL_CONVERSION = YES;
				CLANG_WARN_OBJC_ROOT_CLASS = YES_ERROR;
				CLANG_WARN_QUOTED_INCLUDE_IN_FRAMEWORK_HEADER = YES;
				CLANG_WARN_RANGE_LOOP_ANALYSIS = YES;
				CLANG_WARN_STRICT_PROTOTYPES = YES;
				CLANG_WARN_SUSPICIOUS_MOVE = YES;
				CLANG_WARN_UNGUARDED_AVAILABILITY = YES_AGGRESSIVE;
				CLANG_WARN_UNREACHABLE_CODE = YES;
				CLANG_WARN__DUPLICATE_METHOD_MATCH = YES;
				COPY_PHASE_STRIP = NO;
				DEBUG_INFORMATION_FORMAT = dwarf;
				ENABLE_STRICT_OBJC_MSGSEND = YES;
				ENABLE_TESTABILITY = YES;
				ENABLE_USER_SCRIPT_SANDBOXING = YES;
				GCC_C_LANGUAGE_STANDARD = gnu17;
				GCC_DYNAMIC_NO_PIC = NO;
				GCC_NO_COMMON_BLOCKS = YES;
				GCC_OPTIMIZATION_LEVEL = 0;
				GCC_PREPROCESSOR_DEFINITIONS = (
					"DEBUG=1",
					"$(inherited)",
				);
				GCC_WARN_64_TO_32_BIT_CONVERSION = YES;
				GCC_WARN_ABOUT_RETURN_TYPE = YES_ERROR;
				GCC_WARN_UNDECLARED_SELECTOR = YES;
				GCC_WARN_UNINITIALIZED_AUTOS = YES_AGGRESSIVE;
				GCC_WARN_UNUSED_FUNCTION = YES;
				GCC_WARN_UNUSED_VARIABLE = YES;
				IPHONEOS_DEPLOYMENT_TARGET = 17.4;
				LOCALIZATION_PREFERS_STRING_CATALOGS = YES;
				MTL_ENABLE_DEBUG_INFO = INCLUDE_SOURCE;
				MTL_FAST_MATH = YES;
				ONLY_ACTIVE_ARCH = YES;
				SDKROOT = iphoneos;
				SWIFT_ACTIVE_COMPILATION_CONDITIONS = "DEBUG $(inherited)";
				SWIFT_OPTIMIZATION_LEVEL = "-Onone";
			};
			name = Debug;
		};
		11B453E32BDE639F009C4103 /* Release */ = {
			isa = XCBuildConfiguration;
			buildSettings = {
				ALWAYS_SEARCH_USER_PATHS = NO;
				ASSETCATALOG_COMPILER_GENERATE_SWIFT_ASSET_SYMBOL_EXTENSIONS = YES;
				CLANG_ANALYZER_NONNULL = YES;
				CLANG_ANALYZER_NUMBER_OBJECT_CONVERSION = YES_AGGRESSIVE;
				CLANG_CXX_LANGUAGE_STANDARD = "gnu++20";
				CLANG_ENABLE_MODULES = YES;
				CLANG_ENABLE_OBJC_ARC = YES;
				CLANG_ENABLE_OBJC_WEAK = YES;
				CLANG_WARN_BLOCK_CAPTURE_AUTORELEASING = YES;
				CLANG_WARN_BOOL_CONVERSION = YES;
				CLANG_WARN_COMMA = YES;
				CLANG_WARN_CONSTANT_CONVERSION = YES;
				CLANG_WARN_DEPRECATED_OBJC_IMPLEMENTATIONS = YES;
				CLANG_WARN_DIRECT_OBJC_ISA_USAGE = YES_ERROR;
				CLANG_WARN_DOCUMENTATION_COMMENTS = YES;
				CLANG_WARN_EMPTY_BODY = YES;
				CLANG_WARN_ENUM_CONVERSION = YES;
				CLANG_WARN_INFINITE_RECURSION = YES;
				CLANG_WARN_INT_CONVERSION = YES;
				CLANG_WARN_NON_LITERAL_NULL_CONVERSION = YES;
				CLANG_WARN_OBJC_IMPLICIT_RETAIN_SELF = YES;
				CLANG_WARN_OBJC_LITERAL_CONVERSION = YES;
				CLANG_WARN_OBJC_ROOT_CLASS = YES_ERROR;
				CLANG_WARN_QUOTED_INCLUDE_IN_FRAMEWORK_HEADER = YES;
				CLANG_WARN_RANGE_LOOP_ANALYSIS = YES;
				CLANG_WARN_STRICT_PROTOTYPES = YES;
				CLANG_WARN_SUSPICIOUS_MOVE = YES;
				CLANG_WARN_UNGUARDED_AVAILABILITY = YES_AGGRESSIVE;
				CLANG_WARN_UNREACHABLE_CODE = YES;
				CLANG_WARN__DUPLICATE_METHOD_MATCH = YES;
				COPY_PHASE_STRIP = NO;
				DEBUG_INFORMATION_FORMAT = "dwarf-with-dsym";
				ENABLE_NS_ASSERTIONS = NO;
				ENABLE_STRICT_OBJC_MSGSEND = YES;
				ENABLE_USER_SCRIPT_SANDBOXING = YES;
				GCC_C_LANGUAGE_STANDARD = gnu17;
				GCC_NO_COMMON_BLOCKS = YES;
				GCC_WARN_64_TO_32_BIT_CONVERSION = YES;
				GCC_WARN_ABOUT_RETURN_TYPE = YES_ERROR;
				GCC_WARN_UNDECLARED_SELECTOR = YES;
				GCC_WARN_UNINITIALIZED_AUTOS = YES_AGGRESSIVE;
				GCC_WARN_UNUSED_FUNCTION = YES;
				GCC_WARN_UNUSED_VARIABLE = YES;
				IPHONEOS_DEPLOYMENT_TARGET = 17.4;
				LOCALIZATION_PREFERS_STRING_CATALOGS = YES;
				MTL_ENABLE_DEBUG_INFO = NO;
				MTL_FAST_MATH = YES;
				SDKROOT = iphoneos;
				SWIFT_COMPILATION_MODE = wholemodule;
				VALIDATE_PRODUCT = YES;
			};
			name = Release;
		};
		11B453E52BDE639F009C4103 /* Debug */ = {
			isa = XCBuildConfiguration;
			buildSettings = {
				ASSETCATALOG_COMPILER_APPICON_NAME = AppIcon;
				ASSETCATALOG_COMPILER_GLOBAL_ACCENT_COLOR_NAME = AccentColor;
				CODE_SIGN_STYLE = Automatic;
				CURRENT_PROJECT_VERSION = 1;
				DEVELOPMENT_ASSET_PATHS = "\"Messages d'AmourNEW/Preview Content\"";
				DEVELOPMENT_TEAM = 8B2KM2HW5W;
				ENABLE_PREVIEWS = YES;
				GENERATE_INFOPLIST_FILE = YES;
				INFOPLIST_KEY_UIApplicationSceneManifest_Generation = YES;
				INFOPLIST_KEY_UIApplicationSupportsIndirectInputEvents = YES;
				INFOPLIST_KEY_UILaunchScreen_Generation = YES;
				INFOPLIST_KEY_UISupportedInterfaceOrientations_iPad = "UIInterfaceOrientationPortrait UIInterfaceOrientationPortraitUpsideDown UIInterfaceOrientationLandscapeLeft UIInterfaceOrientationLandscapeRight";
				INFOPLIST_KEY_UISupportedInterfaceOrientations_iPhone = "UIInterfaceOrientationPortrait UIInterfaceOrientationLandscapeLeft UIInterfaceOrientationLandscapeRight";
				LD_RUNPATH_SEARCH_PATHS = (
					"$(inherited)",
					"@executable_path/Frameworks",
				);
				MARKETING_VERSION = 1.0;
				PRODUCT_BUNDLE_IDENTIFIER = "sweet.love.studio.love-french.Messages-d-AmourNEW";
				PRODUCT_NAME = "$(TARGET_NAME)";
				SWIFT_EMIT_LOC_STRINGS = YES;
				SWIFT_VERSION = 5.0;
				TARGETED_DEVICE_FAMILY = "1,2";
			};
			name = Debug;
		};
		11B453E62BDE639F009C4103 /* Release */ = {
			isa = XCBuildConfiguration;
			buildSettings = {
				ASSETCATALOG_COMPILER_APPICON_NAME = AppIcon;
				ASSETCATALOG_COMPILER_GLOBAL_ACCENT_COLOR_NAME = AccentColor;
				CODE_SIGN_STYLE = Automatic;
				CURRENT_PROJECT_VERSION = 1;
				DEVELOPMENT_ASSET_PATHS = "\"Messages d'AmourNEW/Preview Content\"";
				DEVELOPMENT_TEAM = 8B2KM2HW5W;
				ENABLE_PREVIEWS = YES;
				GENERATE_INFOPLIST_FILE = YES;
				INFOPLIST_KEY_UIApplicationSceneManifest_Generation = YES;
				INFOPLIST_KEY_UIApplicationSupportsIndirectInputEvents = YES;
				INFOPLIST_KEY_UILaunchScreen_Generation = YES;
				INFOPLIST_KEY_UISupportedInterfaceOrientations_iPad = "UIInterfaceOrientationPortrait UIInterfaceOrientationPortraitUpsideDown UIInterfaceOrientationLandscapeLeft UIInterfaceOrientationLandscapeRight";
				INFOPLIST_KEY_UISupportedInterfaceOrientations_iPhone = "UIInterfaceOrientationPortrait UIInterfaceOrientationLandscapeLeft UIInterfaceOrientationLandscapeRight";
				LD_RUNPATH_SEARCH_PATHS = (
					"$(inherited)",
					"@executable_path/Frameworks",
				);
				MARKETING_VERSION = 1.0;
				PRODUCT_BUNDLE_IDENTIFIER = "sweet.love.studio.love-french.Messages-d-AmourNEW";
				PRODUCT_NAME = "$(TARGET_NAME)";
				SWIFT_EMIT_LOC_STRINGS = YES;
				SWIFT_VERSION = 5.0;
				TARGETED_DEVICE_FAMILY = "1,2";
			};
			name = Release;
		};
		11B453E82BDE639F009C4103 /* Debug */ = {
			isa = XCBuildConfiguration;
			buildSettings = {
				ALWAYS_EMBED_SWIFT_STANDARD_LIBRARIES = YES;
				BUNDLE_LOADER = "$(TEST_HOST)";
				CODE_SIGN_STYLE = Automatic;
				CURRENT_PROJECT_VERSION = 1;
				DEVELOPMENT_TEAM = 8B2KM2HW5W;
				GENERATE_INFOPLIST_FILE = YES;
				IPHONEOS_DEPLOYMENT_TARGET = 17.4;
				MARKETING_VERSION = 1.0;
				PRODUCT_BUNDLE_IDENTIFIER = "sweet.love.studio.love-french.Messages-d-AmourNEWTests";
				PRODUCT_NAME = "$(TARGET_NAME)";
				SWIFT_EMIT_LOC_STRINGS = NO;
				SWIFT_VERSION = 5.0;
				TARGETED_DEVICE_FAMILY = "1,2";
				TEST_HOST = "$(BUILT_PRODUCTS_DIR)/Messages d'AmourNEW.app/$(BUNDLE_EXECUTABLE_FOLDER_PATH)/Messages d'AmourNEW";
			};
			name = Debug;
		};
		11B453E92BDE639F009C4103 /* Release */ = {
			isa = XCBuildConfiguration;
			buildSettings = {
				ALWAYS_EMBED_SWIFT_STANDARD_LIBRARIES = YES;
				BUNDLE_LOADER = "$(TEST_HOST)";
				CODE_SIGN_STYLE = Automatic;
				CURRENT_PROJECT_VERSION = 1;
				DEVELOPMENT_TEAM = 8B2KM2HW5W;
				GENERATE_INFOPLIST_FILE = YES;
				IPHONEOS_DEPLOYMENT_TARGET = 17.4;
				MARKETING_VERSION = 1.0;
				PRODUCT_BUNDLE_IDENTIFIER = "sweet.love.studio.love-french.Messages-d-AmourNEWTests";
				PRODUCT_NAME = "$(TARGET_NAME)";
				SWIFT_EMIT_LOC_STRINGS = NO;
				SWIFT_VERSION = 5.0;
				TARGETED_DEVICE_FAMILY = "1,2";
				TEST_HOST = "$(BUILT_PRODUCTS_DIR)/Messages d'AmourNEW.app/$(BUNDLE_EXECUTABLE_FOLDER_PATH)/Messages d'AmourNEW";
			};
			name = Release;
		};
		11B453EB2BDE639F009C4103 /* Debug */ = {
			isa = XCBuildConfiguration;
			buildSettings = {
				ALWAYS_EMBED_SWIFT_STANDARD_LIBRARIES = YES;
				CODE_SIGN_STYLE = Automatic;
				CURRENT_PROJECT_VERSION = 1;
				DEVELOPMENT_TEAM = 8B2KM2HW5W;
				GENERATE_INFOPLIST_FILE = YES;
				MARKETING_VERSION = 1.0;
				PRODUCT_BUNDLE_IDENTIFIER = "sweet.love.studio.love-french.Messages-d-AmourNEWUITests";
				PRODUCT_NAME = "$(TARGET_NAME)";
				SWIFT_EMIT_LOC_STRINGS = NO;
				SWIFT_VERSION = 5.0;
				TARGETED_DEVICE_FAMILY = "1,2";
				TEST_TARGET_NAME = "Messages d'AmourNEW";
			};
			name = Debug;
		};
		11B453EC2BDE639F009C4103 /* Release */ = {
			isa = XCBuildConfiguration;
			buildSettings = {
				ALWAYS_EMBED_SWIFT_STANDARD_LIBRARIES = YES;
				CODE_SIGN_STYLE = Automatic;
				CURRENT_PROJECT_VERSION = 1;
				DEVELOPMENT_TEAM = 8B2KM2HW5W;
				GENERATE_INFOPLIST_FILE = YES;
				MARKETING_VERSION = 1.0;
				PRODUCT_BUNDLE_IDENTIFIER = "sweet.love.studio.love-french.Messages-d-AmourNEWUITests";
				PRODUCT_NAME = "$(TARGET_NAME)";
				SWIFT_EMIT_LOC_STRINGS = NO;
				SWIFT_VERSION = 5.0;
				TARGETED_DEVICE_FAMILY = "1,2";
				TEST_TARGET_NAME = "Messages d'AmourNEW";
			};
			name = Release;
		};
/* End XCBuildConfiguration section */

/* Begin XCConfigurationList section */
		11B453BB2BDE639E009C4103 /* Build configuration list for PBXProject "Messages d'AmourNEW" */ = {
			isa = XCConfigurationList;
			buildConfigurations = (
				11B453E22BDE639F009C4103 /* Debug */,
				11B453E32BDE639F009C4103 /* Release */,
			);
			defaultConfigurationIsVisible = 0;
			defaultConfigurationName = Release;
		};
		11B453E42BDE639F009C4103 /* Build configuration list for PBXNativeTarget "Messages d'AmourNEW" */ = {
			isa = XCConfigurationList;
			buildConfigurations = (
				11B453E52BDE639F009C4103 /* Debug */,
				11B453E62BDE639F009C4103 /* Release */,
			);
			defaultConfigurationIsVisible = 0;
			defaultConfigurationName = Release;
		};
		11B453E72BDE639F009C4103 /* Build configuration list for PBXNativeTarget "Messages d'AmourNEWTests" */ = {
			isa = XCConfigurationList;
			buildConfigurations = (
				11B453E82BDE639F009C4103 /* Debug */,
				11B453E92BDE639F009C4103 /* Release */,
			);
			defaultConfigurationIsVisible = 0;
			defaultConfigurationName = Release;
		};
		11B453EA2BDE639F009C4103 /* Build configuration list for PBXNativeTarget "Messages d'AmourNEWUITests" */ = {
			isa = XCConfigurationList;
			buildConfigurations = (
				11B453EB2BDE639F009C4103 /* Debug */,
				11B453EC2BDE639F009C4103 /* Release */,
			);
			defaultConfigurationIsVisible = 0;
			defaultConfigurationName = Release;
		};
/* End XCConfigurationList section */
	};
	rootObject = 11B453B82BDE639E009C4103 /* Project object */;
}
